{
  "name": "iread",
  "lockfileVersion": 3,
  "requires": true,
  "packages": {
    "": {
      "devDependencies": {
        "@types/ckeditor": "^4.9.10"
      }
    },
    "node_modules/@types/ckeditor": {
      "version": "4.9.10",
      "resolved": "https://registry.npmjs.org/@types/ckeditor/-/ckeditor-4.9.10.tgz",
      "integrity": "sha512-dcOPCXM0Cr5Z0i6eF/aW5LvECrS+cdl2Gi7lU+rEUNWby0w9Yl6mBubjrs29OVAducpuZjB4mfDayE+o4/gGdQ==",
      "dev": true,
      "license": "MIT"
    }
  }
}
